dependencies:
- name: dex
  repository: https://charts.dexidp.io
  version: 0.24.0
- name: oauth2-proxy
  repository: https://oauth2-proxy.github.io/manifests
  version: 7.14.1
- name: httpbin
  repository: https://conservis.github.io/helm-charts
  version: 1.1.0
- name: hello-world
  repository: https://conservis.github.io/helm-charts
  version: 1.1.0
digest: sha256:1563bd7a54c5e633ded5af1937a925e1603ab2fff3918ef893a0d1740bea34f4
generated: "2025-10-22T08:23:28.067319641Z"
